<?xml version="1.0" encoding="utf-8"?>
<Project ToolsVersion="17.0" xmlns="http://schemas.microsoft.com/developer/msbuild/2003">
  <ItemGroup>
    <Filter Include="Resource Files">
      <UniqueIdentifier>{67DA6AB6-F800-4c08-8B7A-83BB121AAD01}</UniqueIdentifier>
      <Extensions>rc;ico;cur;bmp;dlg;rc2;rct;bin;rgs;gif;jpg;jpeg;jpe;resx;tiff;tif;png;wav;mfcribbon-ms</Extensions>
    </Filter>
    <Filter Include="Resource Files\Assets">
      <UniqueIdentifier>{e6335b7d-d5af-4d0f-91bc-34f93d973fe2}</UniqueIdentifier>
    </Filter>
	<Filter Include="Source">
      <UniqueIdentifier>{a74e3c8e-920b-4a2a-ab29-64041d5c7148}</UniqueIdentifier>
    </Filter>
	<Filter Include="Source\Public">
      <UniqueIdentifier>{a74e3c8e-923b-4a2a-ab22-6d041d5c7148}</UniqueIdentifier>
    </Filter>
	<Filter Include="Source\Private">
      <UniqueIdentifier>{a74eac8e-9a3b-422a-ab22-6d041d5c7148}</UniqueIdentifier>
    </Filter>
	<Filter Include="Source\Private\Modules">
      <UniqueIdentifier>{a74eac8e-9a3b-422a-ab22-6d041dasd148}</UniqueIdentifier>
    </Filter>
	<Filter Include="Source\Public\Modules">
      <UniqueIdentifier>{a74eac8e-aa3b-4227-ab22-6d041dasd148}</UniqueIdentifier>
    </Filter>
	<Filter Include="Source\Private\Utils">
      <UniqueIdentifier>{a74eac8e-553b-422a-ab22-6d041dasd148}</UniqueIdentifier>
    </Filter>
	<Filter Include="Source\Public\Utils">
      <UniqueIdentifier>{a74eac8e-663b-4227-ab22-6d041dasd148}</UniqueIdentifier>
    </Filter>
    <Filter Include="Source\Private\Modules\CoreModule">
      <UniqueIdentifier>{a74e1c8e-900b-4a2a-ab29-64041d5c7148}</UniqueIdentifier>
    </Filter>
    <Filter Include="Source\Private\Modules\MathModule">
      <UniqueIdentifier>{81cb2d0e-668d-4801-a0c2-a46734dc37da}</UniqueIdentifier>
    </Filter>
    <Filter Include="Source\Private\Modules\ObjectModule">
      <UniqueIdentifier>{cc455c2e-1f6f-4678-a99b-1232d7b19918}</UniqueIdentifier>
    </Filter>
    <Filter Include="Source\Private\Modules\ObjectModule\Object">
      <UniqueIdentifier>{ba41009e-10bc-43ef-9e5c-875cebb4d301}</UniqueIdentifier>
    </Filter>
    <Filter Include="Source\Private\Modules\ObjectModule\Object\Components">
      <UniqueIdentifier>{1bf73d9f-9bcf-49e9-8eaf-634bdb62436b}</UniqueIdentifier>
    </Filter>
    <Filter Include="Source\Private\Modules\ObjectModule\Object\Actor">
      <UniqueIdentifier>{847fcb04-ebd5-4d1b-b480-214d9f3e64b4}</UniqueIdentifier>
    </Filter>
    <Filter Include="Source\Private\Modules\ObjectModule\Object\Actor\Components">
      <UniqueIdentifier>{c81d8055-3c4f-4972-bcf6-a92b2e9dbc55}</UniqueIdentifier>
    </Filter>
    <Filter Include="Source\Public\Modules\CoreModule">
      <UniqueIdentifier>{fc8ec196-5d4c-40fb-ad25-66ef4d5d9f10}</UniqueIdentifier>
    </Filter>
    <Filter Include="Source\Public\Modules\ObjectModule">
      <UniqueIdentifier>{9b2211fa-6b80-4895-898a-52360c77bf84}</UniqueIdentifier>
    </Filter>
    <Filter Include="Source\Public\Modules\ObjectModule\Object">
      <UniqueIdentifier>{cce6376f-7482-4f8c-a314-3f08e460b4f5}</UniqueIdentifier>
    </Filter>
    <Filter Include="Source\Public\Modules\ObjectModule\Object\Components">
      <UniqueIdentifier>{a9035663-468a-43f0-8812-387ba7366ab0}</UniqueIdentifier>
    </Filter>
    <Filter Include="Source\Public\Modules\ObjectModule\Object\Actor">
      <UniqueIdentifier>{dc4b24f9-c75e-40db-a94a-7ba27d89db8c}</UniqueIdentifier>
    </Filter>
    <Filter Include="Source\Public\Modules\ObjectModule\Object\Actor\Components">
      <UniqueIdentifier>{068322ce-f0e0-4503-a3a1-00980bd4ad30}</UniqueIdentifier>
    </Filter>
    <Filter Include="Source\Public\Modules\MathModule">
      <UniqueIdentifier>{85c6a972-95c2-40ab-9d5d-1a6fe2f13512}</UniqueIdentifier>
    </Filter>
    <Filter Include="Source\Public\Utils\Delegate">
      <UniqueIdentifier>{41624f3f-7412-46fe-b9c7-3f6855ae5a2c}</UniqueIdentifier>
    </Filter>
    <Filter Include="Source\Private\Utils\Delegate">
      <UniqueIdentifier>{a18d9012-f37d-44c8-8034-e7ad698bc0e3}</UniqueIdentifier>
    </Filter>
    <Filter Include="Source\Private\Modules\LevelModule">
      <UniqueIdentifier>{50ea08c9-8a2a-4bf8-9dcc-aed40a418670}</UniqueIdentifier>
    </Filter>
    <Filter Include="Source\Public\Modules\LevelModule">
      <UniqueIdentifier>{ac404531-a404-4d7b-b72c-a343783bc42e}</UniqueIdentifier>
    </Filter>
    <Filter Include="Source\Public\Modules\RenderModule">
      <UniqueIdentifier>{3860ec9d-9c23-4360-8a04-37455b7bf9b7}</UniqueIdentifier>
    </Filter>
    <Filter Include="Source\Private\Modules\RenderModule">
      <UniqueIdentifier>{0ca645a7-b220-4d3f-8fc5-75b05a9d637e}</UniqueIdentifier>
    </Filter>
    <Filter Include="Resource Files\Assets\Shaders">
      <UniqueIdentifier>{b55be725-cac2-43d8-94b2-41add5c043cf}</UniqueIdentifier>
    </Filter>
    <Filter Include="Source\Public\Utils\AssetManager">
      <UniqueIdentifier>{e76a0f7b-775e-4e32-bd94-6dede36f90df}</UniqueIdentifier>
    </Filter>
  </ItemGroup>
  <ItemGroup>
    <ClCompile Include="Source\Private\Modules\CoreModule\GameEngine.cpp">
      <Filter>Source\Private\Modules\CoreModule</Filter>
    </ClCompile>
    <ClCompile Include="Source\Private\Modules\MathModule\Vector2D.cpp">
      <Filter>Source\Private\Modules\MathModule</Filter>
    </ClCompile>
    <ClCompile Include="Source\Private\Modules\MathModule\Vector3D.cpp">
      <Filter>Source\Private\Modules\MathModule</Filter>
    </ClCompile>
    <ClCompile Include="Source\Private\Modules\ObjectModule\Object\Object.cpp">
      <Filter>Source\Private\Modules\ObjectModule\Object</Filter>
    </ClCompile>
    <ClCompile Include="Source\Private\Modules\ObjectModule\Object\Actor\Actor.cpp">
      <Filter>Source\Private\Modules\ObjectModule\Object\Actor</Filter>
    </ClCompile>
    <ClCompile Include="Source\Private\Modules\ObjectModule\Object\Actor\Components\SpriteComponent.cpp">
      <Filter>Source\Private\Modules\ObjectModule\Object\Actor\Components</Filter>
    </ClCompile>
    <ClCompile Include="Source\Private\Modules\CoreModule\DataTypes.cpp">
      <Filter>Source\Private\Modules\CoreModule</Filter>
    </ClCompile>
    <ClCompile Include="Source\Private\Modules\CoreModule\CollisionManager.cpp">
      <Filter>Source\Private\Modules\CoreModule</Filter>
    </ClCompile>
    <ClCompile Include="Source\Private\Modules\ObjectModule\Object\Actor\Components\CollisionComponent.cpp">
      <Filter>Source\Private\Modules\ObjectModule\Object\Actor\Components</Filter>
    </ClCompile>
    <ClCompile Include="Source\Private\Modules\ObjectModule\Object\Components\BaseComponent.cpp">
      <Filter>Source\Private\Modules\ObjectModule\Object\Components</Filter>
    </ClCompile>
    <ClCompile Include="Source\Private\Modules\ObjectModule\Object\Actor\Components\Transform2DComponent.cpp">
      <Filter>Source\Private\Modules\ObjectModule\Object\Actor\Components</Filter>
    </ClCompile>
    <ClCompile Include="Source\Private\Utils\Delegate\MulticastDelegateBase.cpp">
      <Filter>Source\Private\Utils\Delegate</Filter>
    </ClCompile>
    <ClCompile Include="Source\Private\Modules\CoreModule\InputManager.cpp">
      <Filter>Source\Private\Modules\CoreModule</Filter>
    </ClCompile>
    <ClCompile Include="Source\Private\Modules\ObjectModule\Object\Components\InputComponent.cpp">
      <Filter>Source\Private\Modules\ObjectModule\Object\Components</Filter>
    </ClCompile>
    <ClCompile Include="Source\Private\Modules\ObjectModule\Object\Actor\Components\AnimSpriteComponent.cpp">
      <Filter>Source\Private\Modules\ObjectModule\Object\Actor\Components</Filter>
    </ClCompile>
    <ClCompile Include="Source\Private\Modules\LevelModule\BGComponent.cpp">
      <Filter>Source\Private\Modules\LevelModule</Filter>
    </ClCompile>
    <ClCompile Include="Source\Private\Modules\RenderModule\RenderManager.cpp">
      <Filter>Source\Private\Modules\RenderModule</Filter>
    </ClCompile>
    <ClCompile Include="Source\Private\Modules\RenderModule\VertexArray.cpp">
      <Filter>Source\Private\Modules\RenderModule</Filter>
    </ClCompile>
    <ClCompile Include="Source\Private\Modules\RenderModule\Shader.cpp">
      <Filter>Source\Private\Modules\RenderModule</Filter>
    </ClCompile>
    <ClCompile Include="Source\Private\Modules\ObjectModule\Object\Actor\Components\LinearMovementComponent.cpp">
      <Filter>Source\Private\Modules\ObjectModule\Object\Actor\Components</Filter>
    </ClCompile>
    <ClCompile Include="Source\Private\Modules\MathModule\Matrix3.cpp">
      <Filter>Source\Private\Modules\MathModule</Filter>
    </ClCompile>
    <ClCompile Include="Source\Private\Modules\MathModule\Matrix4.cpp">
      <Filter>Source\Private\Modules\MathModule</Filter>
    </ClCompile>
    <ClCompile Include="Source\Private\Modules\RenderModule\Texture.cpp">
      <Filter>Source\Private\Modules\RenderModule</Filter>
    </ClCompile>
    <ClCompile Include="Source\Private\Modules\ObjectModule\Object\Actor\SpriteActor.cpp">
      <Filter>Source\Private\Modules\ObjectModule\Object\Actor</Filter>
    </ClCompile>
    <ClCompile Include="Source\Private\Modules\ObjectModule\Object\Actor\AnimSpriteActor.cpp">
      <Filter>Source\Private\Modules\ObjectModule\Object\Actor</Filter>
    </ClCompile>
  </ItemGroup>
  <ItemGroup>
    <ClInclude Include="Source\Public\Modules\CoreModule\GameEngine.h">
      <Filter>Source\Public\Modules\CoreModule</Filter>
    </ClInclude>
    <ClInclude Include="Source\Public\Modules\ObjectModule\Object\Actor\Actor.h">
      <Filter>Source\Public\Modules\ObjectModule\Object\Actor</Filter>
    </ClInclude>
    <ClInclude Include="Source\Public\Modules\ObjectModule\Object.h">
      <Filter>Source\Public\Modules\ObjectModule\Object</Filter>
    </ClInclude>
    <ClInclude Include="Source\Public\Modules\MathModule\Vector2D.h">
      <Filter>Source\Public\Modules\MathModule</Filter>
    </ClInclude>
    <ClInclude Include="Source\Public\Modules\MathModule\Vector3D.h">
      <Filter>Source\Public\Modules\MathModule</Filter>
    </ClInclude>
    <ClInclude Include="Source\Public\Modules\ObjectModule\Object\Actor\Components\SpriteComponent.h">
      <Filter>Source\Public\Modules\ObjectModule\Object\Actor\Components</Filter>
    </ClInclude>
    <ClInclude Include="Source\Public\Modules\CoreModule\DataTypes.h">
      <Filter>Source\Public\Modules\CoreModule</Filter>
    </ClInclude>
    <ClInclude Include="Source\Public\Modules\CoreModule\CollisionManager.h">
      <Filter>Source\Public\Modules\CoreModule</Filter>
    </ClInclude>
    <ClInclude Include="Source\Public\Modules\ObjectModule\Object\Actor\Components\CollisionComponent.h">
      <Filter>Source\Public\Modules\ObjectModule\Object\Actor\Components</Filter>
    </ClInclude>
    <ClInclude Include="Source\Public\Modules\ObjectModule\Object\Actor\Components\Transform2DComponent.h">
      <Filter>Source\Public\Modules\ObjectModule\Object\Actor\Components</Filter>
    </ClInclude>
    <ClInclude Include="Source\Public\Utils\Delegate\Delegate.h">
      <Filter>Source\Public\Utils\Delegate</Filter>
    </ClInclude>
    <ClInclude Include="Source\Public\Utils\Delegate\DelegateSp.h">
      <Filter>Source\Public\Utils\Delegate</Filter>
    </ClInclude>
    <ClInclude Include="Source\Public\Utils\Delegate\MulticastDelegate.h">
      <Filter>Source\Public\Utils\Delegate</Filter>
    </ClInclude>
    <ClInclude Include="Source\Public\Utils\Delegate\MulticastDelegateBase.h">
      <Filter>Source\Public\Utils\Delegate</Filter>
    </ClInclude>
    <ClInclude Include="Source\Public\Utils\Delegate\SinglecastDelegate.h">
      <Filter>Source\Public\Utils\Delegate</Filter>
    </ClInclude>
    <ClInclude Include="Source\Public\Utils\Delegate\DataTypes.h">
      <Filter>Source\Public\Utils\Delegate</Filter>
    </ClInclude>
    <ClInclude Include="Source\Public\Modules\CoreModule\InputManager.h">
      <Filter>Source\Public\Modules\CoreModule</Filter>
    </ClInclude>
    <ClInclude Include="Source\Public\Modules\ObjectModule\Object\Components\BaseComponent.h">
      <Filter>Source\Public\Modules\ObjectModule\Object\Components</Filter>
    </ClInclude>
    <ClInclude Include="Source\Public\Modules\ObjectModule\Object\Components\InputComponent.h">
      <Filter>Source\Public\Modules\ObjectModule\Object\Components</Filter>
    </ClInclude>
    <ClInclude Include="Source\Public\Modules\ObjectModule\Object\Actor\Components\AnimSpriteComponent.h">
      <Filter>Source\Public\Modules\ObjectModule\Object\Actor\Components</Filter>
    </ClInclude>
    <ClInclude Include="Source\Public\Modules\LevelModule\BGComponent.h">
      <Filter>Source\Public\Modules\LevelModule</Filter>
    </ClInclude>
    <ClInclude Include="Source\Public\Modules\ObjectModule\Object\Actor\Components\LinearMovementComponent.h">
      <Filter>Source\Public\Modules\ObjectModule\Object\Actor\Components</Filter>
    </ClInclude>
    <ClInclude Include="Source\Public\Modules\RenderModule\RenderManager.h">
      <Filter>Source\Public\Modules\RenderModule</Filter>
    </ClInclude>
    <ClInclude Include="Source\Public\Modules\RenderModule\VertexArray.h">
      <Filter>Source\Public\Modules\RenderModule</Filter>
    </ClInclude>
    <ClInclude Include="Source\Public\Modules\RenderModule\Shader.h">
      <Filter>Source\Public\Modules\RenderModule</Filter>
    </ClInclude>
    <ClInclude Include="Source\Public\Utils\AssetManager\AssetsManagerUtils.h">
      <Filter>Source\Public\Utils\AssetManager</Filter>
    </ClInclude>
    <ClInclude Include="Source\Public\Modules\MathModule\Matrix3.h">
      <Filter>Source\Public\Modules\MathModule</Filter>
    </ClInclude>
    <ClInclude Include="Source\Public\Modules\MathModule\Matrix4.h">
      <Filter>Source\Public\Modules\MathModule</Filter>
    </ClInclude>
    <ClInclude Include="Source\Public\Modules\RenderModule\Texture.h">
      <Filter>Source\Public\Modules\RenderModule</Filter>
    </ClInclude>
    <ClInclude Include="Source\Public\Modules\ObjectModule\Object\Actor\SpriteActor.h">
      <Filter>Source\Public\Modules\ObjectModule\Object\Actor</Filter>
    </ClInclude>
    <ClInclude Include="Source\Public\Modules\ObjectModule\Object\Actor\AnimSpriteActor.h">
      <Filter>Source\Public\Modules\ObjectModule\Object\Actor</Filter>
    </ClInclude>
  </ItemGroup>
  <ItemGroup>
    <None Include="..\Assets\Shaders\Sprite.frag">
      <Filter>Resource Files\Assets\Shaders</Filter>
    </None>
    <None Include="..\Assets\Shaders\Sprite.vert">
      <Filter>Resource Files\Assets\Shaders</Filter>
    </None>
  </ItemGroup>
  <ItemGroup>
    <None Include="../.gitignore"/>
  </ItemGroup>
</Project>